// !$*UTF8*$!
{
	archiveVersion = 1;
	classes = {
	};
	objectVersion = 46;
	objects = {

/* Begin PBXBuildFile section */
		2161C9D51A98654500BC5CAB /* GLUT.framework in Frameworks */ = {isa = PBXBuildFile; fileRef = 2161C9D41A98654500BC5CAB /* GLUT.framework */; };
		2161C9D71A98654D00BC5CAB /* OpenGL.framework in Frameworks */ = {isa = PBXBuildFile; fileRef = 2161C9D61A98654D00BC5CAB /* OpenGL.framework */; };
		2161C9DE1A98658100BC5CAB /* anim.cpp in Sources */ = {isa = PBXBuildFile; fileRef = 2161C9D81A98658100BC5CAB /* anim.cpp */; };
/* End PBXBuildFile section */

/* Begin PBXCopyFilesBuildPhase section */
		2161C9C81A98651E00BC5CAB /* CopyFiles */ = {
			isa = PBXCopyFilesBuildPhase;
			buildActionMask = 2147483647;
			dstPath = /usr/share/man/man1/;
			dstSubfolderSpec = 0;
			files = (
			);
			runOnlyForDeploymentPostprocessing = 1;
		};
/* End PBXCopyFilesBuildPhase section */

/* Begin PBXFileReference section */
		2161C9CA1A98651E00BC5CAB /* Assignment2 */ = {isa = PBXFileReference; explicitFileType = "compiled.mach-o.executable"; includeInIndex = 0; path = Assignment2; sourceTree = BUILT_PRODUCTS_DIR; };
		2161C9D41A98654500BC5CAB /* GLUT.framework */ = {isa = PBXFileReference; lastKnownFileType = wrapper.framework; name = GLUT.framework; path = System/Library/Frameworks/GLUT.framework; sourceTree = SDKROOT; };
		2161C9D61A98654D00BC5CAB /* OpenGL.framework */ = {isa = PBXFileReference; lastKnownFileType = wrapper.framework; name = OpenGL.framework; path = System/Library/Frameworks/OpenGL.framework; sourceTree = SDKROOT; };
		2161C9D81A98658100BC5CAB /* anim.cpp */ = {isa = PBXFileReference; fileEncoding = 4; lastKnownFileType = sourcecode.cpp.cpp; name = anim.cpp; path = "../../my code/anim.cpp"; sourceTree = "<group>"; };
		2161C9D91A98658100BC5CAB /* challenge.tga */ = {isa = PBXFileReference; lastKnownFileType = file; name = challenge.tga; path = "../../my code/challenge.tga"; sourceTree = "<group>"; };
		2161C9DA1A98658100BC5CAB /* earth.tga */ = {isa = PBXFileReference; lastKnownFileType = file; name = earth.tga; path = "../../my code/earth.tga"; sourceTree = "<group>"; };
		2161C9DB1A98658100BC5CAB /* emcmdprompt.bat */ = {isa = PBXFileReference; fileEncoding = 4; lastKnownFileType = text; name = emcmdprompt.bat; path = "../../my code/emcmdprompt.bat"; sourceTree = "<group>"; };
		2161C9DC1A98658100BC5CAB /* fshader.glsl */ = {isa = PBXFileReference; fileEncoding = 4; lastKnownFileType = text; name = fshader.glsl; path = "../../my code/fshader.glsl"; sourceTree = "<group>"; };
		2161C9DD1A98658100BC5CAB /* vshader.glsl */ = {isa = PBXFileReference; fileEncoding = 4; lastKnownFileType = text; name = vshader.glsl; path = "../../my code/vshader.glsl"; sourceTree = "<group>"; };
/* End PBXFileReference section */

/* Begin PBXFrameworksBuildPhase section */
		2161C9C71A98651E00BC5CAB /* Frameworks */ = {
			isa = PBXFrameworksBuildPhase;
			buildActionMask = 2147483647;
			files = (
				2161C9D71A98654D00BC5CAB /* OpenGL.framework in Frameworks */,
				2161C9D51A98654500BC5CAB /* GLUT.framework in Frameworks */,
			);
			runOnlyForDeploymentPostprocessing = 0;
		};
/* End PBXFrameworksBuildPhase section */

/* Begin PBXGroup section */
		2161C9C11A98651E00BC5CAB = {
			isa = PBXGroup;
			children = (
				2161C9D61A98654D00BC5CAB /* OpenGL.framework */,
				2161C9D41A98654500BC5CAB /* GLUT.framework */,
				2161C9CC1A98651E00BC5CAB /* Assignment2 */,
				2161C9CB1A98651E00BC5CAB /* Products */,
			);
			sourceTree = "<group>";
		};
		2161C9CB1A98651E00BC5CAB /* Products */ = {
			isa = PBXGroup;
			children = (
				2161C9CA1A98651E00BC5CAB /* Assignment2 */,
			);
			name = Products;
			sourceTree = "<group>";
		};
		2161C9CC1A98651E00BC5CAB /* Assignment2 */ = {
			isa = PBXGroup;
			children = (
				2161C9D81A98658100BC5CAB /* anim.cpp */,
				2161C9D91A98658100BC5CAB /* challenge.tga */,
				2161C9DA1A98658100BC5CAB /* earth.tga */,
				2161C9DB1A98658100BC5CAB /* emcmdprompt.bat */,
				2161C9DC1A98658100BC5CAB /* fshader.glsl */,
				2161C9DD1A98658100BC5CAB /* vshader.glsl */,
			);
			path = Assignment2;
			sourceTree = "<group>";
		};
/* End PBXGroup section */

/* Begin PBXNativeTarget section */
		2161C9C91A98651E00BC5CAB /* Assignment2 */ = {
			isa = PBXNativeTarget;
			buildConfigurationList = 2161C9D11A98651E00BC5CAB /* Build configuration list for PBXNativeTarget "Assignment2" */;
			buildPhases = (
				2161C9C61A98651E00BC5CAB /* Sources */,
				2161C9C71A98651E00BC5CAB /* Frameworks */,
				2161C9C81A98651E00BC5CAB /* CopyFiles */,
			);
			buildRules = (
			);
			dependencies = (
			);
			name = Assignment2;
			productName = Assignment2;
			productReference = 2161C9CA1A98651E00BC5CAB /* Assignment2 */;
			productType = "com.apple.product-type.tool";
		};
/* End PBXNativeTarget section */

/* Begin PBXProject section */
		2161C9C21A98651E00BC5CAB /* Project object */ = {
			isa = PBXProject;
			attributes = {
				LastUpgradeCheck = 0610;
				ORGANIZATIONNAME = "Xing Yichi";
				TargetAttributes = {
					2161C9C91A98651E00BC5CAB = {
						CreatedOnToolsVersion = 6.1.1;
					};
				};
			};
			buildConfigurationList = 2161C9C51A98651E00BC5CAB /* Build configuration list for PBXProject "Assignment2" */;
			compatibilityVersion = "Xcode 3.2";
			developmentRegion = English;
			hasScannedForEncodings = 0;
			knownRegions = (
				en,
			);
			mainGroup = 2161C9C11A98651E00BC5CAB;
			productRefGroup = 2161C9CB1A98651E00BC5CAB /* Products */;
			projectDirPath = "";
			projectRoot = "";
			targets = (
				2161C9C91A98651E00BC5CAB /* Assignment2 */,
			);
		};
/* End PBXProject section */

/* Begin PBXSourcesBuildPhase section */
		2161C9C61A98651E00BC5CAB /* Sources */ = {
			isa = PBXSourcesBuildPhase;
			buildActionMask = 2147483647;
			files = (
				2161C9DE1A98658100BC5CAB /* anim.cpp in Sources */,
			);
			runOnlyForDeploymentPostprocessing = 0;
		};
/* End PBXSourcesBuildPhase section */

/* Begin XCBuildConfiguration section */
		2161C9CF1A98651E00BC5CAB /* Debug */ = {
			isa = XCBuildConfiguration;
			buildSettings = {
				ALWAYS_SEARCH_USER_PATHS = NO;
				CLANG_CXX_LANGUAGE_STANDARD = "gnu++0x";
				CLANG_CXX_LIBRARY = "libc++";
				CLANG_ENABLE_MODULES = YES;
				CLANG_ENABLE_OBJC_ARC = YES;
				CLANG_WARN_BOOL_CONVERSION = YES;
				CLANG_WARN_CONSTANT_CONVERSION = YES;
				CLANG_WARN_DIRECT_OBJC_ISA_USAGE = YES_ERROR;
				CLANG_WARN_EMPTY_BODY = YES;
				CLANG_WARN_ENUM_CONVERSION = YES;
				CLANG_WARN_INT_CONVERSION = YES;
				CLANG_WARN_OBJC_ROOT_CLASS = YES_ERROR;
				CLANG_WARN_UNREACHABLE_CODE = YES;
				CLANG_WARN__DUPLICATE_METHOD_MATCH = YES;
				COPY_PHASE_STRIP = NO;
				ENABLE_STRICT_OBJC_MSGSEND = YES;
				GCC_C_LANGUAGE_STANDARD = gnu99;
				GCC_DYNAMIC_NO_PIC = NO;
				GCC_OPTIMIZATION_LEVEL = 0;
				GCC_PREPROCESSOR_DEFINITIONS = (
					"DEBUG=1",
					"$(inherited)",
				);
				GCC_SYMBOLS_PRIVATE_EXTERN = NO;
				GCC_WARN_64_TO_32_BIT_CONVERSION = YES;
				GCC_WARN_ABOUT_RETURN_TYPE = YES_ERROR;
				GCC_WARN_UNDECLARED_SELECTOR = YES;
				GCC_WARN_UNINITIALIZED_AUTOS = YES_AGGRESSIVE;
				GCC_WARN_UNUSED_FUNCTION = YES;
				GCC_WARN_UNUSED_VARIABLE = YES;
				MACOSX_DEPLOYMENT_TARGET = 10.10;
				MTL_ENABLE_DEBUG_INFO = YES;
				ONLY_ACTIVE_ARCH = YES;
				SDKROOT = macosx;
			};
			name = Debug;
		};
		2161C9D01A98651E00BC5CAB /* Release */ = {
			isa = XCBuildConfiguration;
			buildSettings = {
				ALWAYS_SEARCH_USER_PATHS = NO;
				CLANG_CXX_LANGUAGE_STANDARD = "gnu++0x";
				CLANG_CXX_LIBRARY = "libc++";
				CLANG_ENABLE_MODULES = YES;
				CLANG_ENABLE_OBJC_ARC = YES;
				CLANG_WARN_BOOL_CONVERSION = YES;
				CLANG_WARN_CONSTANT_CONVERSION = YES;
				CLANG_WARN_DIRECT_OBJC_ISA_USAGE = YES_ERROR;
				CLANG_WARN_EMPTY_BODY = YES;
				CLANG_WARN_ENUM_CONVERSION = YES;
				CLANG_WARN_INT_CONVERSION = YES;
				CLANG_WARN_OBJC_ROOT_CLASS = YES_ERROR;
				CLANG_WARN_UNREACHABLE_CODE = YES;
				CLANG_WARN__DUPLICATE_METHOD_MATCH = YES;
				COPY_PHASE_STRIP = YES;
				DEBUG_INFORMATION_FORMAT = "dwarf-with-dsym";
				ENABLE_NS_ASSERTIONS = NO;
				ENABLE_STRICT_OBJC_MSGSEND = YES;
				GCC_C_LANGUAGE_STANDARD = gnu99;
				GCC_WARN_64_TO_32_BIT_CONVERSION = YES;
				GCC_WARN_ABOUT_RETURN_TYPE = YES_ERROR;
				GCC_WARN_UNDECLARED_SELECTOR = YES;
				GCC_WARN_UNINITIALIZED_AUTOS = YES_AGGRESSIVE;
				GCC_WARN_UNUSED_FUNCTION = YES;
				GCC_WARN_UNUSED_VARIABLE = YES;
				MACOSX_DEPLOYMENT_TARGET = 10.10;
				MTL_ENABLE_DEBUG_INFO = NO;
				SDKROOT = macosx;
			};
			name = Release;
		};
		2161C9D21A98651E00BC5CAB /* Debug */ = {
			isa = XCBuildConfiguration;
			buildSettings = {
				PRODUCT_NAME = "$(TARGET_NAME)";
			};
			name = Debug;
		};
		2161C9D31A98651E00BC5CAB /* Release */ = {
			isa = XCBuildConfiguration;
			buildSettings = {
				PRODUCT_NAME = "$(TARGET_NAME)";
			};
			name = Release;
		};
/* End XCBuildConfiguration section */

/* Begin XCConfigurationList section */
		2161C9C51A98651E00BC5CAB /* Build configuration list for PBXProject "Assignment2" */ = {
			isa = XCConfigurationList;
			buildConfigurations = (
				2161C9CF1A98651E00BC5CAB /* Debug */,
				2161C9D01A98651E00BC5CAB /* Release */,
			);
			defaultConfigurationIsVisible = 0;
			defaultConfigurationName = Release;
		};
		2161C9D11A98651E00BC5CAB /* Build configuration list for PBXNativeTarget "Assignment2" */ = {
			isa = XCConfigurationList;
			buildConfigurations = (
				2161C9D21A98651E00BC5CAB /* Debug */,
				2161C9D31A98651E00BC5CAB /* Release */,
			);
			defaultConfigurationIsVisible = 0;
		};
/* End XCConfigurationList section */
	};
	rootObject = 2161C9C21A98651E00BC5CAB /* Project object */;
}
